
Microsoft Visual Studio Solution File, Format Version 12.00
# Visual Studio Version 17
VisualStudioVersion = 17.10.35122.118
MinimumVisualStudioVersion = 10.0.40219.1
Project("{FAE04EC0-301F-11D3-BF4B-00C04F79EFBC}") = "PhotoCatalog.Api", "PhotoCatalog.Api\PhotoCatalog.Api.csproj", "{09B7A14B-7ADC-4B56-BE9C-AF8E7087FFB1}"
EndProject
Project("{FAE04EC0-301F-11D3-BF4B-00C04F79EFBC}") = "PhotoCatalog.Core", "PhotoCatalog.Core\PhotoCatalog.Core.csproj", "{4E5B3A70-AE13-44BF-B2D9-B88CFDD44F1C}"
EndProject
Project("{FAE04EC0-301F-11D3-BF4B-00C04F79EFBC}") = "PhotoCatalog.Infrastructure", "PhotoCatalog.Infrastructure\PhotoCatalog.Infrastructure.csproj", "{915844BD-9241-4B7E-B416-194C79644871}"
EndProject
Global
	GlobalSection(SolutionConfigurationPlatforms) = preSolution
		Debug|Any CPU = Debug|Any CPU
		Release|Any CPU = Release|Any CPU
	EndGlobalSection
	GlobalSection(ProjectConfigurationPlatforms) = postSolution
		{09B7A14B-7ADC-4B56-BE9C-AF8E7087FFB1}.Debug|Any CPU.ActiveCfg = Debug|Any CPU
		{09B7A14B-7ADC-4B56-BE9C-AF8E7087FFB1}.Debug|Any CPU.Build.0 = Debug|Any CPU
		{09B7A14B-7ADC-4B56-BE9C-AF8E7087FFB1}.Release|Any CPU.ActiveCfg = Release|Any CPU
		{09B7A14B-7ADC-4B56-BE9C-AF8E7087FFB1}.Release|Any CPU.Build.0 = Release|Any CPU
		{4E5B3A70-AE13-44BF-B2D9-B88CFDD44F1C}.Debug|Any CPU.ActiveCfg = Debug|Any CPU
		{4E5B3A70-AE13-44BF-B2D9-B88CFDD44F1C}.Debug|Any CPU.Build.0 = Debug|Any CPU
		{4E5B3A70-AE13-44BF-B2D9-B88CFDD44F1C}.Release|Any CPU.ActiveCfg = Release|Any CPU
		{4E5B3A70-AE13-44BF-B2D9-B88CFDD44F1C}.Release|Any CPU.Build.0 = Release|Any CPU
		{915844BD-9241-4B7E-B416-194C79644871}.Debug|Any CPU.ActiveCfg = Debug|Any CPU
		{915844BD-9241-4B7E-B416-194C79644871}.Debug|Any CPU.Build.0 = Debug|Any CPU
		{915844BD-9241-4B7E-B416-194C79644871}.Release|Any CPU.ActiveCfg = Release|Any CPU
		{915844BD-9241-4B7E-B416-194C79644871}.Release|Any CPU.Build.0 = Release|Any CPU
	EndGlobalSection
	GlobalSection(SolutionProperties) = preSolution
		HideSolutionNode = FALSE
	EndGlobalSection
	GlobalSection(ExtensibilityGlobals) = postSolution
		SolutionGuid = {67E3556D-FDDB-424A-925F-8F009B92172E}
	EndGlobalSection
EndGlobal
